// !$*UTF8*$!
{
	archiveVersion = 1;
	classes = {
	};
	objectVersion = 46;
	objects = {
/* Begin PBXBuildFile section */
		0207DA581B56EA530066E2B4 /* Images.xcassets in Resources */ = {isa = PBXBuildFile; fileRef = 0207DA571B56EA530066E2B4 /* Images.xcassets */; };
		1D3623260D0F684500981E51 /* AppDelegate.m in Sources */ = {isa = PBXBuildFile; fileRef = 1D3623250D0F684500981E51 /* AppDelegate.m */; };
		1D60589B0D05DD56006BFB54 /* main.m in Sources */ = {isa = PBXBuildFile; fileRef = 29B97316FDCFA39411CA2CEA /* main.m */; };
		301BF552109A68D80062928A /* libCordova.a in Frameworks */ = {isa = PBXBuildFile; fileRef = 301BF535109A57CC0062928A /* libCordova.a */; };
		302D95F114D2391D003F00A1 /* MainViewController.m in Sources */ = {isa = PBXBuildFile; fileRef = 302D95EF14D2391D003F00A1 /* MainViewController.m */; };
		302D95F214D2391D003F00A1 /* MainViewController.xib in Resources */ = {isa = PBXBuildFile; fileRef = 302D95F014D2391D003F00A1 /* MainViewController.xib */; };
		3047A5121AB8059700498E2A /* build-debug.xcconfig in Resources */ = {isa = PBXBuildFile; fileRef = 3047A50F1AB8059700498E2A /* build-debug.xcconfig */; };
		3047A5131AB8059700498E2A /* build-release.xcconfig in Resources */ = {isa = PBXBuildFile; fileRef = 3047A5101AB8059700498E2A /* build-release.xcconfig */; };
		3047A5141AB8059700498E2A /* build.xcconfig in Resources */ = {isa = PBXBuildFile; fileRef = 3047A5111AB8059700498E2A /* build.xcconfig */; };
		511EC6ABCB8548E980609FB9 /* RemoteControls.m in Sources */ = {isa = PBXBuildFile; fileRef = 15500A2E44214F8FB76C1961 /* RemoteControls.m */; };
		F1D3F4C77C94463188BE72FA /* MainViewController+RemoteControls.m in Sources */ = {isa = PBXBuildFile; fileRef = 8EA94666B965449E824B1B51 /* MainViewController+RemoteControls.m */; };
		CBB32EB92A474F53AE9BD614 /* MediaPlayer.framework in Frameworks */ = {isa = PBXBuildFile; fileRef = EAAC97483EFD4744901FEBB0 /* MediaPlayer.framework */; };
		23E61BF9CD5D46E782D8D8C7 /* RareloopAppVersion.m in Sources */ = {isa = PBXBuildFile; fileRef = 282A11BB096D4F1F88311FBF /* RareloopAppVersion.m */; };
		D15675572FBD401293D20189 /* CDVNotification.m in Sources */ = {isa = PBXBuildFile; fileRef = AA2293E4DF4E490480CB8EE8 /* CDVNotification.m */; };
		820F3AFFBE294AE2B94ADB02 /* CDVNotification.bundle in Resources */ = {isa = PBXBuildFile; fileRef = 92F0E65835FB4F1B98DCAD86 /* CDVNotification.bundle */; };
		F74C13FC86EA43DEBF130FAC /* AudioToolbox.framework in Frameworks */ = {isa = PBXBuildFile; fileRef = C80A9DCDA1E44D018057FC16 /* AudioToolbox.framework */; settings = {ATTRIBUTES = (Weak, ); }; };
		81B82D24A88D42B29D1015B8 /* CDVFile.m in Sources */ = {isa = PBXBuildFile; fileRef = BFC141B9BE7A426192518EAE /* CDVFile.m */; };
		F6089BA733F9448FB18D3235 /* CDVLocalFilesystem.m in Sources */ = {isa = PBXBuildFile; fileRef = 43E5005D924A4A6F929B9D53 /* CDVLocalFilesystem.m */; };
		0A3C7AB1867840FE98A0DD1D /* CDVAssetLibraryFilesystem.m in Sources */ = {isa = PBXBuildFile; fileRef = F60E8B6FF8084B00A30CF31C /* CDVAssetLibraryFilesystem.m */; };
		248EC2DA3772407FA8482148 /* CDVSound.m in Sources */ = {isa = PBXBuildFile; fileRef = C33F606CFD9247EC856766AC /* CDVSound.m */; };
		018E26A49038434BAB006A2C /* MainViewController+MusicControls.m in Sources */ = {isa = PBXBuildFile; fileRef = E29FF96974D748A190CFFB07 /* MainViewController+MusicControls.m */; };
		6FEAA3BE17A5473CAEA8D33A /* MusicControls.m in Sources */ = {isa = PBXBuildFile; fileRef = FA4F59FEF2C8426E954811E5 /* MusicControls.m */; };
		E5E0A1BD3F6D41C1BA642EB7 /* MusicControlsInfo.m in Sources */ = {isa = PBXBuildFile; fileRef = BC37185F465049C5BAE404E9 /* MusicControlsInfo.m */; };
		5DD44E5DBC0E42838ED7C581 /* AppDelegate+notification.m in Sources */ = {isa = PBXBuildFile; fileRef = EC565313A7C84B45A6BBFF56 /* AppDelegate+notification.m */; };
		5A5B734570E04F4793284CBB /* PushPlugin.m in Sources */ = {isa = PBXBuildFile; fileRef = 67CA0EB429D34681887809BD /* PushPlugin.m */; };
		4781B8068EE249E8BAE2BC4F /* libGGLCloudMessaging.a in Frameworks */ = {isa = PBXBuildFile; fileRef = A92D8CA3C68E4F37ACFD7AD2 /* libGGLCloudMessaging.a */; };
		714F62D564F54DA3889EA5BA /* libGGLCore.a in Frameworks */ = {isa = PBXBuildFile; fileRef = ECEDEEC5FD124AC3A8D708A7 /* libGGLCore.a */; };
		0EE26932184F461BAC97B68C /* libGGLInstanceIDLib.a in Frameworks */ = {isa = PBXBuildFile; fileRef = CF0D5AC257F642B1B702B5FA /* libGGLInstanceIDLib.a */; };
		6A5197DED3784BD6809D7236 /* libGIP_Reachability.a in Frameworks */ = {isa = PBXBuildFile; fileRef = 0F713558AED9488E95A632AE /* libGIP_Reachability.a */; };
		37945FA21B6D40C1A89A5F54 /* libGSDK_Overload.a in Frameworks */ = {isa = PBXBuildFile; fileRef = A859679F8BD743B895ABBEAD /* libGSDK_Overload.a */; };
		E6C9A69504E649A197EE55B0 /* libGTMSessionFetcher_core.a in Frameworks */ = {isa = PBXBuildFile; fileRef = 08443EF1D7CC4F1B8A03D63C /* libGTMSessionFetcher_core.a */; };
		BAAA19B459AD4B3F9701E04E /* libGTMSessionFetcher_full.a in Frameworks */ = {isa = PBXBuildFile; fileRef = 7DE9BACB3DBE44DBA0A023B6 /* libGTMSessionFetcher_full.a */; };
		1E73FC9DC19F4E11BFC9C860 /* libGTMStackTrace.a in Frameworks */ = {isa = PBXBuildFile; fileRef = 1122B7EFCFF44A39AEDB091D /* libGTMStackTrace.a */; };
		08D0C7BFB9C145D98BB201D6 /* libGTM_AddressBook.a in Frameworks */ = {isa = PBXBuildFile; fileRef = 5F4E1DFA533B43268E2B12EE /* libGTM_AddressBook.a */; };
		CBE77E337533406F9504AD8F /* libGTM_DebugUtils.a in Frameworks */ = {isa = PBXBuildFile; fileRef = 532A8EFD46474131944A6398 /* libGTM_DebugUtils.a */; };
		96D79EA5B41B4E1B974F7D58 /* libGTM_GTMURLBuilder.a in Frameworks */ = {isa = PBXBuildFile; fileRef = 383A91146F9B44278DAFE81B /* libGTM_GTMURLBuilder.a */; };
		031D593E8AC54530A97E087C /* libGTM_KVO.a in Frameworks */ = {isa = PBXBuildFile; fileRef = 41F73A4593D748039576EEDF /* libGTM_KVO.a */; };
		F4785B36A56145588A3F0A8E /* libGTM_NSData+zlib.a in Frameworks */ = {isa = PBXBuildFile; fileRef = 77D605666BE64267809EAAD3 /* libGTM_NSData+zlib.a */; };
		482A7259C4A34AE5BACD1C2B /* libGTM_NSDictionary+URLArguments.a in Frameworks */ = {isa = PBXBuildFile; fileRef = 9A3AC21DE82B49C8B97832E0 /* libGTM_NSDictionary+URLArguments.a */; };
		D44B325BAB8542CB8DB9B560 /* libGTM_NSScannerJSON.a in Frameworks */ = {isa = PBXBuildFile; fileRef = FCC5869ED5CE460BA4CCB40C /* libGTM_NSScannerJSON.a */; };
		3BE89560824546E8BBB44438 /* libGTM_NSStringHTML.a in Frameworks */ = {isa = PBXBuildFile; fileRef = 46B27B8AAB4C4BA3B8B57752 /* libGTM_NSStringHTML.a */; };
		4A90172C2797458BA8525B11 /* libGTM_NSStringXML.a in Frameworks */ = {isa = PBXBuildFile; fileRef = B6CDC28812954F8480CB276D /* libGTM_NSStringXML.a */; };
		A9630DAE40BC4400AFC8DF0C /* libGTM_Regex.a in Frameworks */ = {isa = PBXBuildFile; fileRef = F78E14B968DB42EC8937F505 /* libGTM_Regex.a */; };
		C3985E81BF9B4BB9B44D23F5 /* libGTM_RoundedRectPath.a in Frameworks */ = {isa = PBXBuildFile; fileRef = 6608B236B3CA47D9A70ED18D /* libGTM_RoundedRectPath.a */; };
		094C9B975D894E77A420685E /* libGTM_StringEncoding.a in Frameworks */ = {isa = PBXBuildFile; fileRef = 4501AB3F79114E16BA554DE7 /* libGTM_StringEncoding.a */; };
		EF9AC4AD005449B096EC5073 /* libGTM_SystemVersion.a in Frameworks */ = {isa = PBXBuildFile; fileRef = 6DFE85C44C4D4FE2B0EA086F /* libGTM_SystemVersion.a */; };
		2B6894C1BFA54BC1BB1C291E /* libGTM_UIFont+LineHeight.a in Frameworks */ = {isa = PBXBuildFile; fileRef = AFA5E10594B54306901B2829 /* libGTM_UIFont+LineHeight.a */; };
		80C3E130358849D584A5F26B /* libGTM_core.a in Frameworks */ = {isa = PBXBuildFile; fileRef = 4A19B732EFA94A029849118D /* libGTM_core.a */; };
		C64AA395FF1A4880ADF5923F /* libGTM_iPhone.a in Frameworks */ = {isa = PBXBuildFile; fileRef = 7F07F6B7681C4DCDA8AC8C22 /* libGTM_iPhone.a */; };
		9D0778B1AF6C43C6B78D77A8 /* libGcmLib.a in Frameworks */ = {isa = PBXBuildFile; fileRef = 5A4301EB6C2147F6B5F9FA69 /* libGcmLib.a */; };
		56D688FAF2614F60966B067D /* libProtocolBuffers.a in Frameworks */ = {isa = PBXBuildFile; fileRef = A5E0B66231574C47B359F4F7 /* libProtocolBuffers.a */; };
		C4435A5F29444AE28B26C142 /* AddressBook.framework in Frameworks */ = {isa = PBXBuildFile; fileRef = 04EB34C726A74177A0D16B65 /* AddressBook.framework */; };
		D3B93A847549495BB538E782 /* libsqlite3.tbd in Resources */ = {isa = PBXBuildFile; fileRef = BA1483F9B7B94FC882C14EC0 /* libsqlite3.tbd */; };
		1D79BE6B84744644ADBDC79E /* libz.tbd in Resources */ = {isa = PBXBuildFile; fileRef = 05CDB72DD0024D788FEBC274 /* libz.tbd */; };
/* End PBXBuildFile section */

/* Begin PBXContainerItemProxy section */
		301BF534109A57CC0062928A /* PBXContainerItemProxy */ = {
			isa = PBXContainerItemProxy;
			containerPortal = 301BF52D109A57CC0062928A /* CordovaLib.xcodeproj */;
			proxyType = 2;
			remoteGlobalIDString = D2AAC07E0554694100DB518D;
			remoteInfo = CordovaLib;
		};
		301BF550109A68C00062928A /* PBXContainerItemProxy */ = {
			isa = PBXContainerItemProxy;
			containerPortal = 301BF52D109A57CC0062928A /* CordovaLib.xcodeproj */;
			proxyType = 1;
			remoteGlobalIDString = D2AAC07D0554694100DB518D;
			remoteInfo = CordovaLib;
		};
/* End PBXContainerItemProxy section */

/* Begin PBXFileReference section */
		0207DA571B56EA530066E2B4 /* Images.xcassets */ = {isa = PBXFileReference; lastKnownFileType = folder.assetcatalog; name = Images.xcassets; path = "Lift/Images.xcassets"; sourceTree = SOURCE_ROOT; };
		1D3623240D0F684500981E51 /* AppDelegate.h */ = {isa = PBXFileReference; fileEncoding = 4; lastKnownFileType = sourcecode.c.h; path = AppDelegate.h; sourceTree = "<group>"; };
		1D3623250D0F684500981E51 /* AppDelegate.m */ = {isa = PBXFileReference; fileEncoding = 4; lastKnownFileType = sourcecode.c.objc; path = AppDelegate.m; sourceTree = "<group>"; };
		1D6058910D05DD3D006BFB54 /* Lift.app */ = {isa = PBXFileReference; explicitFileType = wrapper.application; includeInIndex = 0; path = "Lift.app"; sourceTree = BUILT_PRODUCTS_DIR; };
		29B97316FDCFA39411CA2CEA /* main.m */ = {isa = PBXFileReference; fileEncoding = 4; lastKnownFileType = sourcecode.c.objc; path = main.m; sourceTree = "<group>"; };
		301BF52D109A57CC0062928A /* CordovaLib.xcodeproj */ = {isa = PBXFileReference; lastKnownFileType = "wrapper.pb-project"; name = CordovaLib.xcodeproj; path = CordovaLib/CordovaLib.xcodeproj; sourceTree = "<group>"; };
		301BF56E109A69640062928A /* www */ = {isa = PBXFileReference; lastKnownFileType = folder; path = www; sourceTree = SOURCE_ROOT; };
		302D95EE14D2391D003F00A1 /* MainViewController.h */ = {isa = PBXFileReference; fileEncoding = 4; lastKnownFileType = sourcecode.c.h; path = MainViewController.h; sourceTree = "<group>"; };
		302D95EF14D2391D003F00A1 /* MainViewController.m */ = {isa = PBXFileReference; fileEncoding = 4; lastKnownFileType = sourcecode.c.objc; path = MainViewController.m; sourceTree = "<group>"; };
		302D95F014D2391D003F00A1 /* MainViewController.xib */ = {isa = PBXFileReference; fileEncoding = 4; lastKnownFileType = file.xib; path = MainViewController.xib; sourceTree = "<group>"; };
		3047A50F1AB8059700498E2A /* build-debug.xcconfig */ = {isa = PBXFileReference; fileEncoding = 4; lastKnownFileType = text.xcconfig; name = "build-debug.xcconfig"; path = cordova/build-debug.xcconfig; sourceTree = SOURCE_ROOT; };
		3047A5101AB8059700498E2A /* build-release.xcconfig */ = {isa = PBXFileReference; fileEncoding = 4; lastKnownFileType = text.xcconfig; name = "build-release.xcconfig"; path = cordova/build-release.xcconfig; sourceTree = SOURCE_ROOT; };
		3047A5111AB8059700498E2A /* build.xcconfig */ = {isa = PBXFileReference; fileEncoding = 4; lastKnownFileType = text.xcconfig; name = build.xcconfig; path = cordova/build.xcconfig; sourceTree = SOURCE_ROOT; };
		32CA4F630368D1EE00C91783 /* Lift-Prefix.pch */ = {isa = PBXFileReference; fileEncoding = 4; lastKnownFileType = sourcecode.c.h; path = "Lift-Prefix.pch"; sourceTree = "<group>"; };
		8D1107310486CEB800E47090 /* Lift-Info.plist */ = {isa = PBXFileReference; fileEncoding = 4; lastKnownFileType = text.plist.xml; name = "Lift-Info.plist"; path = "Lift/Lift-Info.plist"; plistStructureDefinitionIdentifier = "com.apple.xcode.plist.structure-definition.iphone.info-plist"; sourceTree = SOURCE_ROOT; };
		EB87FDF31871DA8E0020F90C /* www */ = {isa = PBXFileReference; lastKnownFileType = folder; name = www; path = ../../www; sourceTree = "<group>"; };
		EB87FDF41871DAF40020F90C /* config.xml */ = {isa = PBXFileReference; lastKnownFileType = text.xml; name = config.xml; path = ../../config.xml; sourceTree = "<group>"; };
		F840E1F0165FE0F500CFE078 /* config.xml */ = {isa = PBXFileReference; lastKnownFileType = text.xml; name = config.xml; path = "Lift/config.xml"; sourceTree = "<group>"; };
		ED33DF2A687741AEAF9F8254 /* Bridging-Header.h */ = {isa = PBXFileReference; fileEncoding = 4; lastKnownFileType = sourcecode.c.h; name = "Bridging-Header.h"; path = "Bridging-Header.h"; sourceTree = "<group>"; };
		15500A2E44214F8FB76C1961 /* RemoteControls.m */ = {isa = PBXFileReference; name = "RemoteControls.m"; path = "com.rd11.remote-controls/RemoteControls.m"; sourceTree = "<group>"; fileEncoding = 4; lastKnownFileType = sourcecode.c.objc; explicitFileType = undefined; includeInIndex = 0; };
		8EA94666B965449E824B1B51 /* MainViewController+RemoteControls.m */ = {isa = PBXFileReference; name = "MainViewController+RemoteControls.m"; path = "com.rd11.remote-controls/MainViewController+RemoteControls.m"; sourceTree = "<group>"; fileEncoding = 4; lastKnownFileType = sourcecode.c.objc; explicitFileType = undefined; includeInIndex = 0; };
		D89F9AD821A0456EB5A2DEC0 /* RemoteControls.h */ = {isa = PBXFileReference; name = "RemoteControls.h"; path = "com.rd11.remote-controls/RemoteControls.h"; sourceTree = "<group>"; fileEncoding = 4; lastKnownFileType = sourcecode.c.h; explicitFileType = undefined; includeInIndex = 0; };
		49129B37ABBD4D8ABE70F951 /* MainViewController+RemoteControls.h */ = {isa = PBXFileReference; name = "MainViewController+RemoteControls.h"; path = "com.rd11.remote-controls/MainViewController+RemoteControls.h"; sourceTree = "<group>"; fileEncoding = 4; lastKnownFileType = sourcecode.c.h; explicitFileType = undefined; includeInIndex = 0; };
		EAAC97483EFD4744901FEBB0 /* MediaPlayer.framework */ = {isa = PBXFileReference; name = "MediaPlayer.framework"; path = "System/Library/Frameworks/MediaPlayer.framework"; sourceTree = SDKROOT; fileEncoding = undefined; lastKnownFileType = wrapper.framework; explicitFileType = undefined; includeInIndex = 0; };
		282A11BB096D4F1F88311FBF /* RareloopAppVersion.m */ = {isa = PBXFileReference; name = "RareloopAppVersion.m"; path = "cordova-plugin-appversion/RareloopAppVersion.m"; sourceTree = "<group>"; fileEncoding = 4; lastKnownFileType = sourcecode.c.objc; explicitFileType = undefined; includeInIndex = 0; };
		728A6FA9C3624EF287D1F221 /* RareloopAppVersion.h */ = {isa = PBXFileReference; name = "RareloopAppVersion.h"; path = "cordova-plugin-appversion/RareloopAppVersion.h"; sourceTree = "<group>"; fileEncoding = 4; lastKnownFileType = sourcecode.c.h; explicitFileType = undefined; includeInIndex = 0; };
		AA2293E4DF4E490480CB8EE8 /* CDVNotification.m */ = {isa = PBXFileReference; name = "CDVNotification.m"; path = "cordova-plugin-dialogs/CDVNotification.m"; sourceTree = "<group>"; fileEncoding = 4; lastKnownFileType = sourcecode.c.objc; explicitFileType = undefined; includeInIndex = 0; };
		B330F07BBBA2479FA6758A2D /* CDVNotification.h */ = {isa = PBXFileReference; name = "CDVNotification.h"; path = "cordova-plugin-dialogs/CDVNotification.h"; sourceTree = "<group>"; fileEncoding = 4; lastKnownFileType = sourcecode.c.h; explicitFileType = undefined; includeInIndex = 0; };
		92F0E65835FB4F1B98DCAD86 /* CDVNotification.bundle */ = {isa = PBXFileReference; name = "CDVNotification.bundle"; path = "CDVNotification.bundle"; sourceTree = "<group>"; fileEncoding = undefined; lastKnownFileType = wrapper.plug-in; explicitFileType = undefined; includeInIndex = 0; };
		C80A9DCDA1E44D018057FC16 /* AudioToolbox.framework */ = {isa = PBXFileReference; name = "AudioToolbox.framework"; path = "System/Library/Frameworks/AudioToolbox.framework"; sourceTree = SDKROOT; fileEncoding = undefined; lastKnownFileType = wrapper.framework; explicitFileType = undefined; includeInIndex = 0; };
		BFC141B9BE7A426192518EAE /* CDVFile.m */ = {isa = PBXFileReference; name = "CDVFile.m"; path = "cordova-plugin-file/CDVFile.m"; sourceTree = "<group>"; fileEncoding = 4; lastKnownFileType = sourcecode.c.objc; explicitFileType = undefined; includeInIndex = 0; };
		43E5005D924A4A6F929B9D53 /* CDVLocalFilesystem.m */ = {isa = PBXFileReference; name = "CDVLocalFilesystem.m"; path = "cordova-plugin-file/CDVLocalFilesystem.m"; sourceTree = "<group>"; fileEncoding = 4; lastKnownFileType = sourcecode.c.objc; explicitFileType = undefined; includeInIndex = 0; };
		F60E8B6FF8084B00A30CF31C /* CDVAssetLibraryFilesystem.m */ = {isa = PBXFileReference; name = "CDVAssetLibraryFilesystem.m"; path = "cordova-plugin-file/CDVAssetLibraryFilesystem.m"; sourceTree = "<group>"; fileEncoding = 4; lastKnownFileType = sourcecode.c.objc; explicitFileType = undefined; includeInIndex = 0; };
		9982C2C8DD264D0AA5BD08F6 /* CDVFile.h */ = {isa = PBXFileReference; name = "CDVFile.h"; path = "cordova-plugin-file/CDVFile.h"; sourceTree = "<group>"; fileEncoding = 4; lastKnownFileType = sourcecode.c.h; explicitFileType = undefined; includeInIndex = 0; };
		6B164E33F9D54E4991C8A359 /* CDVLocalFilesystem.h */ = {isa = PBXFileReference; name = "CDVLocalFilesystem.h"; path = "cordova-plugin-file/CDVLocalFilesystem.h"; sourceTree = "<group>"; fileEncoding = 4; lastKnownFileType = sourcecode.c.h; explicitFileType = undefined; includeInIndex = 0; };
		AD5354D4B7834176BB1097C1 /* CDVAssetLibraryFilesystem.h */ = {isa = PBXFileReference; name = "CDVAssetLibraryFilesystem.h"; path = "cordova-plugin-file/CDVAssetLibraryFilesystem.h"; sourceTree = "<group>"; fileEncoding = 4; lastKnownFileType = sourcecode.c.h; explicitFileType = undefined; includeInIndex = 0; };
		C33F606CFD9247EC856766AC /* CDVSound.m */ = {isa = PBXFileReference; name = "CDVSound.m"; path = "cordova-plugin-media/CDVSound.m"; sourceTree = "<group>"; fileEncoding = 4; lastKnownFileType = sourcecode.c.objc; explicitFileType = undefined; includeInIndex = 0; };
		E08253B0B67444B3B51FFE4E /* CDVSound.h */ = {isa = PBXFileReference; name = "CDVSound.h"; path = "cordova-plugin-media/CDVSound.h"; sourceTree = "<group>"; fileEncoding = 4; lastKnownFileType = sourcecode.c.h; explicitFileType = undefined; includeInIndex = 0; };
		E29FF96974D748A190CFFB07 /* MainViewController+MusicControls.m */ = {isa = PBXFileReference; name = "MainViewController+MusicControls.m"; path = "cordova-plugin-music-controls/MainViewController+MusicControls.m"; sourceTree = "<group>"; fileEncoding = 4; lastKnownFileType = sourcecode.c.objc; explicitFileType = undefined; includeInIndex = 0; };
		FA4F59FEF2C8426E954811E5 /* MusicControls.m */ = {isa = PBXFileReference; name = "MusicControls.m"; path = "cordova-plugin-music-controls/MusicControls.m"; sourceTree = "<group>"; fileEncoding = 4; lastKnownFileType = sourcecode.c.objc; explicitFileType = undefined; includeInIndex = 0; };
		BC37185F465049C5BAE404E9 /* MusicControlsInfo.m */ = {isa = PBXFileReference; name = "MusicControlsInfo.m"; path = "cordova-plugin-music-controls/MusicControlsInfo.m"; sourceTree = "<group>"; fileEncoding = 4; lastKnownFileType = sourcecode.c.objc; explicitFileType = undefined; includeInIndex = 0; };
		CACE5F547CCE4DD3B4B09FAB /* MainViewController+MusicControls.h */ = {isa = PBXFileReference; name = "MainViewController+MusicControls.h"; path = "cordova-plugin-music-controls/MainViewController+MusicControls.h"; sourceTree = "<group>"; fileEncoding = 4; lastKnownFileType = sourcecode.c.h; explicitFileType = undefined; includeInIndex = 0; };
		5E23EB2D6C8A4912B6F87848 /* MusicControls.h */ = {isa = PBXFileReference; name = "MusicControls.h"; path = "cordova-plugin-music-controls/MusicControls.h"; sourceTree = "<group>"; fileEncoding = 4; lastKnownFileType = sourcecode.c.h; explicitFileType = undefined; includeInIndex = 0; };
		D2C88ADBF97846E589E1BD36 /* MusicControlsInfo.h */ = {isa = PBXFileReference; name = "MusicControlsInfo.h"; path = "cordova-plugin-music-controls/MusicControlsInfo.h"; sourceTree = "<group>"; fileEncoding = 4; lastKnownFileType = sourcecode.c.h; explicitFileType = undefined; includeInIndex = 0; };
		EC565313A7C84B45A6BBFF56 /* AppDelegate+notification.m */ = {isa = PBXFileReference; name = "AppDelegate+notification.m"; path = "phonegap-plugin-push/AppDelegate+notification.m"; sourceTree = "<group>"; fileEncoding = 4; lastKnownFileType = sourcecode.c.objc; explicitFileType = undefined; includeInIndex = 0; };
		67CA0EB429D34681887809BD /* PushPlugin.m */ = {isa = PBXFileReference; name = "PushPlugin.m"; path = "phonegap-plugin-push/PushPlugin.m"; sourceTree = "<group>"; fileEncoding = 4; lastKnownFileType = sourcecode.c.objc; explicitFileType = undefined; includeInIndex = 0; };
		A92D8CA3C68E4F37ACFD7AD2 /* libGGLCloudMessaging.a */ = {isa = PBXFileReference; name = "libGGLCloudMessaging.a"; path = "Lift/Plugins/phonegap-plugin-push/GCM/Libraries/libGGLCloudMessaging.a"; sourceTree = "<group>"; fileEncoding = undefined; lastKnownFileType = archive.ar; explicitFileType = undefined; includeInIndex = 0; };
		ECEDEEC5FD124AC3A8D708A7 /* libGGLCore.a */ = {isa = PBXFileReference; name = "libGGLCore.a"; path = "Lift/Plugins/phonegap-plugin-push/GCM/Libraries/libGGLCore.a"; sourceTree = "<group>"; fileEncoding = undefined; lastKnownFileType = archive.ar; explicitFileType = undefined; includeInIndex = 0; };
		CF0D5AC257F642B1B702B5FA /* libGGLInstanceIDLib.a */ = {isa = PBXFileReference; name = "libGGLInstanceIDLib.a"; path = "Lift/Plugins/phonegap-plugin-push/GCM/Libraries/libGGLInstanceIDLib.a"; sourceTree = "<group>"; fileEncoding = undefined; lastKnownFileType = archive.ar; explicitFileType = undefined; includeInIndex = 0; };
		0F713558AED9488E95A632AE /* libGIP_Reachability.a */ = {isa = PBXFileReference; name = "libGIP_Reachability.a"; path = "Lift/Plugins/phonegap-plugin-push/GCM/Libraries/libGIP_Reachability.a"; sourceTree = "<group>"; fileEncoding = undefined; lastKnownFileType = archive.ar; explicitFileType = undefined; includeInIndex = 0; };
		A859679F8BD743B895ABBEAD /* libGSDK_Overload.a */ = {isa = PBXFileReference; name = "libGSDK_Overload.a"; path = "Lift/Plugins/phonegap-plugin-push/GCM/Libraries/libGSDK_Overload.a"; sourceTree = "<group>"; fileEncoding = undefined; lastKnownFileType = archive.ar; explicitFileType = undefined; includeInIndex = 0; };
		08443EF1D7CC4F1B8A03D63C /* libGTMSessionFetcher_core.a */ = {isa = PBXFileReference; name = "libGTMSessionFetcher_core.a"; path = "Lift/Plugins/phonegap-plugin-push/GCM/Libraries/libGTMSessionFetcher_core.a"; sourceTree = "<group>"; fileEncoding = undefined; lastKnownFileType = archive.ar; explicitFileType = undefined; includeInIndex = 0; };
		7DE9BACB3DBE44DBA0A023B6 /* libGTMSessionFetcher_full.a */ = {isa = PBXFileReference; name = "libGTMSessionFetcher_full.a"; path = "Lift/Plugins/phonegap-plugin-push/GCM/Libraries/libGTMSessionFetcher_full.a"; sourceTree = "<group>"; fileEncoding = undefined; lastKnownFileType = archive.ar; explicitFileType = undefined; includeInIndex = 0; };
		1122B7EFCFF44A39AEDB091D /* libGTMStackTrace.a */ = {isa = PBXFileReference; name = "libGTMStackTrace.a"; path = "Lift/Plugins/phonegap-plugin-push/GCM/Libraries/libGTMStackTrace.a"; sourceTree = "<group>"; fileEncoding = undefined; lastKnownFileType = archive.ar; explicitFileType = undefined; includeInIndex = 0; };
		5F4E1DFA533B43268E2B12EE /* libGTM_AddressBook.a */ = {isa = PBXFileReference; name = "libGTM_AddressBook.a"; path = "Lift/Plugins/phonegap-plugin-push/GCM/Libraries/libGTM_AddressBook.a"; sourceTree = "<group>"; fileEncoding = undefined; lastKnownFileType = archive.ar; explicitFileType = undefined; includeInIndex = 0; };
		532A8EFD46474131944A6398 /* libGTM_DebugUtils.a */ = {isa = PBXFileReference; name = "libGTM_DebugUtils.a"; path = "Lift/Plugins/phonegap-plugin-push/GCM/Libraries/libGTM_DebugUtils.a"; sourceTree = "<group>"; fileEncoding = undefined; lastKnownFileType = archive.ar; explicitFileType = undefined; includeInIndex = 0; };
		383A91146F9B44278DAFE81B /* libGTM_GTMURLBuilder.a */ = {isa = PBXFileReference; name = "libGTM_GTMURLBuilder.a"; path = "Lift/Plugins/phonegap-plugin-push/GCM/Libraries/libGTM_GTMURLBuilder.a"; sourceTree = "<group>"; fileEncoding = undefined; lastKnownFileType = archive.ar; explicitFileType = undefined; includeInIndex = 0; };
		41F73A4593D748039576EEDF /* libGTM_KVO.a */ = {isa = PBXFileReference; name = "libGTM_KVO.a"; path = "Lift/Plugins/phonegap-plugin-push/GCM/Libraries/libGTM_KVO.a"; sourceTree = "<group>"; fileEncoding = undefined; lastKnownFileType = archive.ar; explicitFileType = undefined; includeInIndex = 0; };
		77D605666BE64267809EAAD3 /* libGTM_NSData+zlib.a */ = {isa = PBXFileReference; name = "libGTM_NSData+zlib.a"; path = "Lift/Plugins/phonegap-plugin-push/GCM/Libraries/libGTM_NSData+zlib.a"; sourceTree = "<group>"; fileEncoding = undefined; lastKnownFileType = archive.ar; explicitFileType = undefined; includeInIndex = 0; };
		9A3AC21DE82B49C8B97832E0 /* libGTM_NSDictionary+URLArguments.a */ = {isa = PBXFileReference; name = "libGTM_NSDictionary+URLArguments.a"; path = "Lift/Plugins/phonegap-plugin-push/GCM/Libraries/libGTM_NSDictionary+URLArguments.a"; sourceTree = "<group>"; fileEncoding = undefined; lastKnownFileType = archive.ar; explicitFileType = undefined; includeInIndex = 0; };
		FCC5869ED5CE460BA4CCB40C /* libGTM_NSScannerJSON.a */ = {isa = PBXFileReference; name = "libGTM_NSScannerJSON.a"; path = "Lift/Plugins/phonegap-plugin-push/GCM/Libraries/libGTM_NSScannerJSON.a"; sourceTree = "<group>"; fileEncoding = undefined; lastKnownFileType = archive.ar; explicitFileType = undefined; includeInIndex = 0; };
		46B27B8AAB4C4BA3B8B57752 /* libGTM_NSStringHTML.a */ = {isa = PBXFileReference; name = "libGTM_NSStringHTML.a"; path = "Lift/Plugins/phonegap-plugin-push/GCM/Libraries/libGTM_NSStringHTML.a"; sourceTree = "<group>"; fileEncoding = undefined; lastKnownFileType = archive.ar; explicitFileType = undefined; includeInIndex = 0; };
		B6CDC28812954F8480CB276D /* libGTM_NSStringXML.a */ = {isa = PBXFileReference; name = "libGTM_NSStringXML.a"; path = "Lift/Plugins/phonegap-plugin-push/GCM/Libraries/libGTM_NSStringXML.a"; sourceTree = "<group>"; fileEncoding = undefined; lastKnownFileType = archive.ar; explicitFileType = undefined; includeInIndex = 0; };
		F78E14B968DB42EC8937F505 /* libGTM_Regex.a */ = {isa = PBXFileReference; name = "libGTM_Regex.a"; path = "Lift/Plugins/phonegap-plugin-push/GCM/Libraries/libGTM_Regex.a"; sourceTree = "<group>"; fileEncoding = undefined; lastKnownFileType = archive.ar; explicitFileType = undefined; includeInIndex = 0; };
		6608B236B3CA47D9A70ED18D /* libGTM_RoundedRectPath.a */ = {isa = PBXFileReference; name = "libGTM_RoundedRectPath.a"; path = "Lift/Plugins/phonegap-plugin-push/GCM/Libraries/libGTM_RoundedRectPath.a"; sourceTree = "<group>"; fileEncoding = undefined; lastKnownFileType = archive.ar; explicitFileType = undefined; includeInIndex = 0; };
		4501AB3F79114E16BA554DE7 /* libGTM_StringEncoding.a */ = {isa = PBXFileReference; name = "libGTM_StringEncoding.a"; path = "Lift/Plugins/phonegap-plugin-push/GCM/Libraries/libGTM_StringEncoding.a"; sourceTree = "<group>"; fileEncoding = undefined; lastKnownFileType = archive.ar; explicitFileType = undefined; includeInIndex = 0; };
		6DFE85C44C4D4FE2B0EA086F /* libGTM_SystemVersion.a */ = {isa = PBXFileReference; name = "libGTM_SystemVersion.a"; path = "Lift/Plugins/phonegap-plugin-push/GCM/Libraries/libGTM_SystemVersion.a"; sourceTree = "<group>"; fileEncoding = undefined; lastKnownFileType = archive.ar; explicitFileType = undefined; includeInIndex = 0; };
		AFA5E10594B54306901B2829 /* libGTM_UIFont+LineHeight.a */ = {isa = PBXFileReference; name = "libGTM_UIFont+LineHeight.a"; path = "Lift/Plugins/phonegap-plugin-push/GCM/Libraries/libGTM_UIFont+LineHeight.a"; sourceTree = "<group>"; fileEncoding = undefined; lastKnownFileType = archive.ar; explicitFileType = undefined; includeInIndex = 0; };
		4A19B732EFA94A029849118D /* libGTM_core.a */ = {isa = PBXFileReference; name = "libGTM_core.a"; path = "Lift/Plugins/phonegap-plugin-push/GCM/Libraries/libGTM_core.a"; sourceTree = "<group>"; fileEncoding = undefined; lastKnownFileType = archive.ar; explicitFileType = undefined; includeInIndex = 0; };
		7F07F6B7681C4DCDA8AC8C22 /* libGTM_iPhone.a */ = {isa = PBXFileReference; name = "libGTM_iPhone.a"; path = "Lift/Plugins/phonegap-plugin-push/GCM/Libraries/libGTM_iPhone.a"; sourceTree = "<group>"; fileEncoding = undefined; lastKnownFileType = archive.ar; explicitFileType = undefined; includeInIndex = 0; };
		5A4301EB6C2147F6B5F9FA69 /* libGcmLib.a */ = {isa = PBXFileReference; name = "libGcmLib.a"; path = "Lift/Plugins/phonegap-plugin-push/GCM/Libraries/libGcmLib.a"; sourceTree = "<group>"; fileEncoding = undefined; lastKnownFileType = archive.ar; explicitFileType = undefined; includeInIndex = 0; };
		A5E0B66231574C47B359F4F7 /* libProtocolBuffers.a */ = {isa = PBXFileReference; name = "libProtocolBuffers.a"; path = "Lift/Plugins/phonegap-plugin-push/GCM/Libraries/libProtocolBuffers.a"; sourceTree = "<group>"; fileEncoding = undefined; lastKnownFileType = archive.ar; explicitFileType = undefined; includeInIndex = 0; };
		1D90D97559BA4030A7AA4D87 /* AppDelegate+notification.h */ = {isa = PBXFileReference; name = "AppDelegate+notification.h"; path = "phonegap-plugin-push/AppDelegate+notification.h"; sourceTree = "<group>"; fileEncoding = 4; lastKnownFileType = sourcecode.c.h; explicitFileType = undefined; includeInIndex = 0; };
		5936B56719B8446383051302 /* PushPlugin.h */ = {isa = PBXFileReference; name = "PushPlugin.h"; path = "phonegap-plugin-push/PushPlugin.h"; sourceTree = "<group>"; fileEncoding = 4; lastKnownFileType = sourcecode.c.h; explicitFileType = undefined; includeInIndex = 0; };
		E3C8AE8B6E6543ABA64B7E0B /* GGLInstanceID.h */ = {isa = PBXFileReference; name = "GGLInstanceID.h"; path = "phonegap-plugin-push/GCM/Headers/GGLInstanceID.h"; sourceTree = "<group>"; fileEncoding = 4; lastKnownFileType = sourcecode.c.h; explicitFileType = undefined; includeInIndex = 0; };
		00BA0A5BB0F2434A961B9856 /* GGLInstanceIDConfig.h */ = {isa = PBXFileReference; name = "GGLInstanceIDConfig.h"; path = "phonegap-plugin-push/GCM/Headers/GGLInstanceIDConfig.h"; sourceTree = "<group>"; fileEncoding = 4; lastKnownFileType = sourcecode.c.h; explicitFileType = undefined; includeInIndex = 0; };
		62BB3003FD9343DEB0B5CB29 /* GGLInstanceIDDelegate.h */ = {isa = PBXFileReference; name = "GGLInstanceIDDelegate.h"; path = "phonegap-plugin-push/GCM/Headers/GGLInstanceIDDelegate.h"; sourceTree = "<group>"; fileEncoding = 4; lastKnownFileType = sourcecode.c.h; explicitFileType = undefined; includeInIndex = 0; };
		692468390959452DB1F636FB /* GGLInstanceIDHeaders.h */ = {isa = PBXFileReference; name = "GGLInstanceIDHeaders.h"; path = "phonegap-plugin-push/GCM/Headers/GGLInstanceIDHeaders.h"; sourceTree = "<group>"; fileEncoding = 4; lastKnownFileType = sourcecode.c.h; explicitFileType = undefined; includeInIndex = 0; };
		60E4E137B8B64627A1579DE5 /* CloudMessaging.h */ = {isa = PBXFileReference; name = "CloudMessaging.h"; path = "phonegap-plugin-push/GCM/Headers/CloudMessaging.h"; sourceTree = "<group>"; fileEncoding = 4; lastKnownFileType = sourcecode.c.h; explicitFileType = undefined; includeInIndex = 0; };
		15CA87D86ABF4C338D1CAA9A /* GGLContext+CloudMessaging.h */ = {isa = PBXFileReference; name = "GGLContext+CloudMessaging.h"; path = "phonegap-plugin-push/GCM/Headers/GGLContext+CloudMessaging.h"; sourceTree = "<group>"; fileEncoding = 4; lastKnownFileType = sourcecode.c.h; explicitFileType = undefined; includeInIndex = 0; };
		6938FCBC9FA54C99B9AA92BB /* Core.h */ = {isa = PBXFileReference; name = "Core.h"; path = "phonegap-plugin-push/GCM/Headers/Core.h"; sourceTree = "<group>"; fileEncoding = 4; lastKnownFileType = sourcecode.c.h; explicitFileType = undefined; includeInIndex = 0; };
		127C48D2C456415F83C14B72 /* GGLConfiguration.h */ = {isa = PBXFileReference; name = "GGLConfiguration.h"; path = "phonegap-plugin-push/GCM/Headers/GGLConfiguration.h"; sourceTree = "<group>"; fileEncoding = 4; lastKnownFileType = sourcecode.c.h; explicitFileType = undefined; includeInIndex = 0; };
		A0D4F8C527D940AFABCB3236 /* GGLContext.h */ = {isa = PBXFileReference; name = "GGLContext.h"; path = "phonegap-plugin-push/GCM/Headers/GGLContext.h"; sourceTree = "<group>"; fileEncoding = 4; lastKnownFileType = sourcecode.c.h; explicitFileType = undefined; includeInIndex = 0; };
		E1563B3F8DC644C0B21F9BB5 /* GGLErrorCode.h */ = {isa = PBXFileReference; name = "GGLErrorCode.h"; path = "phonegap-plugin-push/GCM/Headers/GGLErrorCode.h"; sourceTree = "<group>"; fileEncoding = 4; lastKnownFileType = sourcecode.c.h; explicitFileType = undefined; includeInIndex = 0; };
		691511177F994E29B5E5E8E5 /* GCMConfig.h */ = {isa = PBXFileReference; name = "GCMConfig.h"; path = "phonegap-plugin-push/GCM/Headers/GCMConfig.h"; sourceTree = "<group>"; fileEncoding = 4; lastKnownFileType = sourcecode.c.h; explicitFileType = undefined; includeInIndex = 0; };
		9F408EB552834034862B668D /* GCMPubSub.h */ = {isa = PBXFileReference; name = "GCMPubSub.h"; path = "phonegap-plugin-push/GCM/Headers/GCMPubSub.h"; sourceTree = "<group>"; fileEncoding = 4; lastKnownFileType = sourcecode.c.h; explicitFileType = undefined; includeInIndex = 0; };
		95A321828A6E457593613479 /* GCMReceiverDelegate.h */ = {isa = PBXFileReference; name = "GCMReceiverDelegate.h"; path = "phonegap-plugin-push/GCM/Headers/GCMReceiverDelegate.h"; sourceTree = "<group>"; fileEncoding = 4; lastKnownFileType = sourcecode.c.h; explicitFileType = undefined; includeInIndex = 0; };
		C2294A8A1FC54733B2DE039A /* GCMService.h */ = {isa = PBXFileReference; name = "GCMService.h"; path = "phonegap-plugin-push/GCM/Headers/GCMService.h"; sourceTree = "<group>"; fileEncoding = 4; lastKnownFileType = sourcecode.c.h; explicitFileType = undefined; includeInIndex = 0; };
		20AC4A403B364321A2717394 /* GoogleCloudMessaging.h */ = {isa = PBXFileReference; name = "GoogleCloudMessaging.h"; path = "phonegap-plugin-push/GCM/Headers/GoogleCloudMessaging.h"; sourceTree = "<group>"; fileEncoding = 4; lastKnownFileType = sourcecode.c.h; explicitFileType = undefined; includeInIndex = 0; };
		04EB34C726A74177A0D16B65 /* AddressBook.framework */ = {isa = PBXFileReference; name = "AddressBook.framework"; path = "System/Library/Frameworks/AddressBook.framework"; sourceTree = SDKROOT; fileEncoding = undefined; lastKnownFileType = wrapper.framework; explicitFileType = undefined; includeInIndex = 0; };
		BA1483F9B7B94FC882C14EC0 /* libsqlite3.tbd */ = {isa = PBXFileReference; name = "libsqlite3.tbd"; path = "libsqlite3.tbd"; sourceTree = "<group>"; fileEncoding = undefined; lastKnownFileType = unknown; explicitFileType = undefined; includeInIndex = 0; };
		05CDB72DD0024D788FEBC274 /* libz.tbd */ = {isa = PBXFileReference; name = "libz.tbd"; path = "libz.tbd"; sourceTree = "<group>"; fileEncoding = undefined; lastKnownFileType = unknown; explicitFileType = undefined; includeInIndex = 0; };
/* End PBXFileReference section */

/* Begin PBXFrameworksBuildPhase section */
		1D60588F0D05DD3D006BFB54 /* Frameworks */ = {
			isa = PBXFrameworksBuildPhase;
			buildActionMask = 2147483647;
			files = (
				301BF552109A68D80062928A /* libCordova.a in Frameworks */,
				CBB32EB92A474F53AE9BD614 /* MediaPlayer.framework in Frameworks */,
				F74C13FC86EA43DEBF130FAC /* AudioToolbox.framework in Frameworks */,
				4781B8068EE249E8BAE2BC4F /* libGGLCloudMessaging.a in Frameworks */,
				714F62D564F54DA3889EA5BA /* libGGLCore.a in Frameworks */,
				0EE26932184F461BAC97B68C /* libGGLInstanceIDLib.a in Frameworks */,
				6A5197DED3784BD6809D7236 /* libGIP_Reachability.a in Frameworks */,
				37945FA21B6D40C1A89A5F54 /* libGSDK_Overload.a in Frameworks */,
				E6C9A69504E649A197EE55B0 /* libGTMSessionFetcher_core.a in Frameworks */,
				BAAA19B459AD4B3F9701E04E /* libGTMSessionFetcher_full.a in Frameworks */,
				1E73FC9DC19F4E11BFC9C860 /* libGTMStackTrace.a in Frameworks */,
				08D0C7BFB9C145D98BB201D6 /* libGTM_AddressBook.a in Frameworks */,
				CBE77E337533406F9504AD8F /* libGTM_DebugUtils.a in Frameworks */,
				96D79EA5B41B4E1B974F7D58 /* libGTM_GTMURLBuilder.a in Frameworks */,
				031D593E8AC54530A97E087C /* libGTM_KVO.a in Frameworks */,
				F4785B36A56145588A3F0A8E /* libGTM_NSData+zlib.a in Frameworks */,
				482A7259C4A34AE5BACD1C2B /* libGTM_NSDictionary+URLArguments.a in Frameworks */,
				D44B325BAB8542CB8DB9B560 /* libGTM_NSScannerJSON.a in Frameworks */,
				3BE89560824546E8BBB44438 /* libGTM_NSStringHTML.a in Frameworks */,
				4A90172C2797458BA8525B11 /* libGTM_NSStringXML.a in Frameworks */,
				A9630DAE40BC4400AFC8DF0C /* libGTM_Regex.a in Frameworks */,
				C3985E81BF9B4BB9B44D23F5 /* libGTM_RoundedRectPath.a in Frameworks */,
				094C9B975D894E77A420685E /* libGTM_StringEncoding.a in Frameworks */,
				EF9AC4AD005449B096EC5073 /* libGTM_SystemVersion.a in Frameworks */,
				2B6894C1BFA54BC1BB1C291E /* libGTM_UIFont+LineHeight.a in Frameworks */,
				80C3E130358849D584A5F26B /* libGTM_core.a in Frameworks */,
				C64AA395FF1A4880ADF5923F /* libGTM_iPhone.a in Frameworks */,
				9D0778B1AF6C43C6B78D77A8 /* libGcmLib.a in Frameworks */,
				56D688FAF2614F60966B067D /* libProtocolBuffers.a in Frameworks */,
				C4435A5F29444AE28B26C142 /* AddressBook.framework in Frameworks */,
				D3B93A847549495BB538E782 /* libsqlite3.tbd in Resources */,
				1D79BE6B84744644ADBDC79E /* libz.tbd in Resources */,
			);
			runOnlyForDeploymentPostprocessing = 0;
		};
/* End PBXFrameworksBuildPhase section */

/* Begin PBXGroup section */
		080E96DDFE201D6D7F000001 /* Classes */ = {
			isa = PBXGroup;
			children = (
				302D95EE14D2391D003F00A1 /* MainViewController.h */,
				302D95EF14D2391D003F00A1 /* MainViewController.m */,
				302D95F014D2391D003F00A1 /* MainViewController.xib */,
				1D3623240D0F684500981E51 /* AppDelegate.h */,
				1D3623250D0F684500981E51 /* AppDelegate.m */,
			);
			name = Classes;
			path = "Lift/Classes";
			sourceTree = SOURCE_ROOT;
		};
		19C28FACFE9D520D11CA2CBB /* Products */ = {
			isa = PBXGroup;
			children = (
				1D6058910D05DD3D006BFB54 /* Lift.app */,
			);
			name = Products;
			sourceTree = "<group>";
		};
		29B97314FDCFA39411CA2CEA /* CustomTemplate */ = {
			isa = PBXGroup;
			children = (
				EB87FDF41871DAF40020F90C /* config.xml */,
				EB87FDF31871DA8E0020F90C /* www */,
				EB87FDF11871DA420020F90C /* Staging */,
				301BF52D109A57CC0062928A /* CordovaLib.xcodeproj */,
				080E96DDFE201D6D7F000001 /* Classes */,
				307C750510C5A3420062BCA9 /* Plugins */,
				29B97315FDCFA39411CA2CEA /* Other Sources */,
				29B97317FDCFA39411CA2CEA /* Resources */,
				29B97323FDCFA39411CA2CEA /* Frameworks */,
				19C28FACFE9D520D11CA2CBB /* Products */,
			);
			name = CustomTemplate;
			sourceTree = "<group>";
		};
		29B97315FDCFA39411CA2CEA /* Other Sources */ = {
			isa = PBXGroup;
			children = (
				32CA4F630368D1EE00C91783 /* Lift-Prefix.pch */,
				29B97316FDCFA39411CA2CEA /* main.m */,
				ED33DF2A687741AEAF9F8254 /* Bridging-Header.h */,
			);
			name = "Other Sources";
			path = "Lift";
			sourceTree = "<group>";
		};
		29B97317FDCFA39411CA2CEA /* Resources */ = {
			isa = PBXGroup;
			children = (
				0207DA571B56EA530066E2B4 /* Images.xcassets */,
				3047A50E1AB8057F00498E2A /* config */,
				8D1107310486CEB800E47090 /* Lift-Info.plist */,
				92F0E65835FB4F1B98DCAD86 /* CDVNotification.bundle */,
			);
			name = Resources;
			path = "Lift/Resources";
			sourceTree = "<group>";
		};
		29B97323FDCFA39411CA2CEA /* Frameworks */ = {
			isa = PBXGroup;
			children = (
				EAAC97483EFD4744901FEBB0 /* MediaPlayer.framework */,
				C80A9DCDA1E44D018057FC16 /* AudioToolbox.framework */,
				A92D8CA3C68E4F37ACFD7AD2 /* libGGLCloudMessaging.a */,
				ECEDEEC5FD124AC3A8D708A7 /* libGGLCore.a */,
				CF0D5AC257F642B1B702B5FA /* libGGLInstanceIDLib.a */,
				0F713558AED9488E95A632AE /* libGIP_Reachability.a */,
				A859679F8BD743B895ABBEAD /* libGSDK_Overload.a */,
				08443EF1D7CC4F1B8A03D63C /* libGTMSessionFetcher_core.a */,
				7DE9BACB3DBE44DBA0A023B6 /* libGTMSessionFetcher_full.a */,
				1122B7EFCFF44A39AEDB091D /* libGTMStackTrace.a */,
				5F4E1DFA533B43268E2B12EE /* libGTM_AddressBook.a */,
				532A8EFD46474131944A6398 /* libGTM_DebugUtils.a */,
				383A91146F9B44278DAFE81B /* libGTM_GTMURLBuilder.a */,
				41F73A4593D748039576EEDF /* libGTM_KVO.a */,
				77D605666BE64267809EAAD3 /* libGTM_NSData+zlib.a */,
				9A3AC21DE82B49C8B97832E0 /* libGTM_NSDictionary+URLArguments.a */,
				FCC5869ED5CE460BA4CCB40C /* libGTM_NSScannerJSON.a */,
				46B27B8AAB4C4BA3B8B57752 /* libGTM_NSStringHTML.a */,
				B6CDC28812954F8480CB276D /* libGTM_NSStringXML.a */,
				F78E14B968DB42EC8937F505 /* libGTM_Regex.a */,
				6608B236B3CA47D9A70ED18D /* libGTM_RoundedRectPath.a */,
				4501AB3F79114E16BA554DE7 /* libGTM_StringEncoding.a */,
				6DFE85C44C4D4FE2B0EA086F /* libGTM_SystemVersion.a */,
				AFA5E10594B54306901B2829 /* libGTM_UIFont+LineHeight.a */,
				4A19B732EFA94A029849118D /* libGTM_core.a */,
				7F07F6B7681C4DCDA8AC8C22 /* libGTM_iPhone.a */,
				5A4301EB6C2147F6B5F9FA69 /* libGcmLib.a */,
				A5E0B66231574C47B359F4F7 /* libProtocolBuffers.a */,
				04EB34C726A74177A0D16B65 /* AddressBook.framework */,
				BA1483F9B7B94FC882C14EC0 /* libsqlite3.tbd */,
				05CDB72DD0024D788FEBC274 /* libz.tbd */,
			);
			name = Frameworks;
			sourceTree = "<group>";
		};
		301BF52E109A57CC0062928A /* Products */ = {
			isa = PBXGroup;
			children = (
				301BF535109A57CC0062928A /* libCordova.a */,
			);
			name = Products;
			sourceTree = "<group>";
		};
		3047A50E1AB8057F00498E2A /* config */ = {
			isa = PBXGroup;
			children = (
				3047A50F1AB8059700498E2A /* build-debug.xcconfig */,
				3047A5101AB8059700498E2A /* build-release.xcconfig */,
				3047A5111AB8059700498E2A /* build.xcconfig */,
			);
			name = config;
			sourceTree = "<group>";
		};
		307C750510C5A3420062BCA9 /* Plugins */ = {
			isa = PBXGroup;
			children = (
				15500A2E44214F8FB76C1961 /* RemoteControls.m */,
				8EA94666B965449E824B1B51 /* MainViewController+RemoteControls.m */,
				D89F9AD821A0456EB5A2DEC0 /* RemoteControls.h */,
				49129B37ABBD4D8ABE70F951 /* MainViewController+RemoteControls.h */,
				282A11BB096D4F1F88311FBF /* RareloopAppVersion.m */,
				728A6FA9C3624EF287D1F221 /* RareloopAppVersion.h */,
				AA2293E4DF4E490480CB8EE8 /* CDVNotification.m */,
				B330F07BBBA2479FA6758A2D /* CDVNotification.h */,
				BFC141B9BE7A426192518EAE /* CDVFile.m */,
				43E5005D924A4A6F929B9D53 /* CDVLocalFilesystem.m */,
				F60E8B6FF8084B00A30CF31C /* CDVAssetLibraryFilesystem.m */,
				9982C2C8DD264D0AA5BD08F6 /* CDVFile.h */,
				6B164E33F9D54E4991C8A359 /* CDVLocalFilesystem.h */,
				AD5354D4B7834176BB1097C1 /* CDVAssetLibraryFilesystem.h */,
				C33F606CFD9247EC856766AC /* CDVSound.m */,
				E08253B0B67444B3B51FFE4E /* CDVSound.h */,
				E29FF96974D748A190CFFB07 /* MainViewController+MusicControls.m */,
				FA4F59FEF2C8426E954811E5 /* MusicControls.m */,
				BC37185F465049C5BAE404E9 /* MusicControlsInfo.m */,
				CACE5F547CCE4DD3B4B09FAB /* MainViewController+MusicControls.h */,
				5E23EB2D6C8A4912B6F87848 /* MusicControls.h */,
				D2C88ADBF97846E589E1BD36 /* MusicControlsInfo.h */,
				EC565313A7C84B45A6BBFF56 /* AppDelegate+notification.m */,
				67CA0EB429D34681887809BD /* PushPlugin.m */,
				1D90D97559BA4030A7AA4D87 /* AppDelegate+notification.h */,
				5936B56719B8446383051302 /* PushPlugin.h */,
				E3C8AE8B6E6543ABA64B7E0B /* GGLInstanceID.h */,
				00BA0A5BB0F2434A961B9856 /* GGLInstanceIDConfig.h */,
				62BB3003FD9343DEB0B5CB29 /* GGLInstanceIDDelegate.h */,
				692468390959452DB1F636FB /* GGLInstanceIDHeaders.h */,
				60E4E137B8B64627A1579DE5 /* CloudMessaging.h */,
				15CA87D86ABF4C338D1CAA9A /* GGLContext+CloudMessaging.h */,
				6938FCBC9FA54C99B9AA92BB /* Core.h */,
				127C48D2C456415F83C14B72 /* GGLConfiguration.h */,
				A0D4F8C527D940AFABCB3236 /* GGLContext.h */,
				E1563B3F8DC644C0B21F9BB5 /* GGLErrorCode.h */,
				691511177F994E29B5E5E8E5 /* GCMConfig.h */,
				9F408EB552834034862B668D /* GCMPubSub.h */,
				95A321828A6E457593613479 /* GCMReceiverDelegate.h */,
				C2294A8A1FC54733B2DE039A /* GCMService.h */,
				20AC4A403B364321A2717394 /* GoogleCloudMessaging.h */,
			);
			name = Plugins;
			path = "Lift/Plugins";
			sourceTree = SOURCE_ROOT;
		};
		EB87FDF11871DA420020F90C /* Staging */ = {
			isa = PBXGroup;
			children = (
				F840E1F0165FE0F500CFE078 /* config.xml */,
				301BF56E109A69640062928A /* www */,
			);
			name = Staging;
			sourceTree = "<group>";
		};
/* End PBXGroup section */

/* Begin PBXNativeTarget section */
		1D6058900D05DD3D006BFB54 /* Lift */ = {
			isa = PBXNativeTarget;
			buildConfigurationList = 1D6058960D05DD3E006BFB54 /* Build configuration list for PBXNativeTarget "Lift" */;
			buildPhases = (
				304B58A110DAC018002A0835 /* Copy www directory */,
				1D60588D0D05DD3D006BFB54 /* Resources */,
				1D60588E0D05DD3D006BFB54 /* Sources */,
				1D60588F0D05DD3D006BFB54 /* Frameworks */,
			);
			buildRules = (
			);
			dependencies = (
				301BF551109A68C00062928A /* PBXTargetDependency */,
			);
			name = "Lift";
			productName = "Lift";
			productReference = 1D6058910D05DD3D006BFB54 /* Lift.app */;
			productType = "com.apple.product-type.application";
		};
/* End PBXNativeTarget section */

/* Begin PBXProject section */
		29B97313FDCFA39411CA2CEA /* Project object */ = {
			isa = PBXProject;
			attributes = {
				LastUpgradeCheck = 510;
			};
			buildConfigurationList = C01FCF4E08A954540054247B /* Build configuration list for PBXProject "__NON-CLI__" */;
			compatibilityVersion = "Xcode 3.2";
			developmentRegion = English;
			hasScannedForEncodings = 1;
			mainGroup = 29B97314FDCFA39411CA2CEA /* CustomTemplate */;
			projectDirPath = "";
			projectReferences = (
				{
					ProductGroup = 301BF52E109A57CC0062928A /* Products */;
					ProjectRef = 301BF52D109A57CC0062928A /* CordovaLib.xcodeproj */;
				},
			);
			projectRoot = "";
			targets = (
				1D6058900D05DD3D006BFB54 /* Lift */,
			);
		};
/* End PBXProject section */

/* Begin PBXReferenceProxy section */
		301BF535109A57CC0062928A /* libCordova.a */ = {
			isa = PBXReferenceProxy;
			fileType = archive.ar;
			path = libCordova.a;
			remoteRef = 301BF534109A57CC0062928A /* PBXContainerItemProxy */;
			sourceTree = BUILT_PRODUCTS_DIR;
		};
/* End PBXReferenceProxy section */

/* Begin PBXResourcesBuildPhase section */
		1D60588D0D05DD3D006BFB54 /* Resources */ = {
			isa = PBXResourcesBuildPhase;
			buildActionMask = 2147483647;
			files = (
				302D95F214D2391D003F00A1 /* MainViewController.xib in Resources */,
				3047A5131AB8059700498E2A /* build-release.xcconfig in Resources */,
				3047A5141AB8059700498E2A /* build.xcconfig in Resources */,
				0207DA581B56EA530066E2B4 /* Images.xcassets in Resources */,
				3047A5121AB8059700498E2A /* build-debug.xcconfig in Resources */,
				820F3AFFBE294AE2B94ADB02 /* CDVNotification.bundle in Resources */,
			);
			runOnlyForDeploymentPostprocessing = 0;
		};
/* End PBXResourcesBuildPhase section */

/* Begin PBXShellScriptBuildPhase section */
		304B58A110DAC018002A0835 /* Copy www directory */ = {
			isa = PBXShellScriptBuildPhase;
			buildActionMask = 2147483647;
			files = (
			);
			inputPaths = (
			);
			name = "Copy www directory";
			outputPaths = (
			);
			runOnlyForDeploymentPostprocessing = 0;
			shellPath = /bin/sh;
			shellScript = "NODEJS_PATH=/usr/local/bin; NVM_NODE_PATH=~/.nvm/versions/node/`nvm version 2>/dev/null`/bin; N_NODE_PATH=`find /usr/local/n/versions/node/* -maxdepth 0 -type d 2>/dev/null | tail -1`/bin; XCODE_NODE_PATH=`xcode-select --print-path`/usr/share/xcs/Node/bin; PATH=$NODEJS_PATH:$NVM_NODE_PATH:$N_NODE_PATH:$XCODE_NODE_PATH:$PATH && node cordova/lib/copy-www-build-step.js";
			showEnvVarsInLog = 0;
		};
/* End PBXShellScriptBuildPhase section */

/* Begin PBXSourcesBuildPhase section */
		1D60588E0D05DD3D006BFB54 /* Sources */ = {
			isa = PBXSourcesBuildPhase;
			buildActionMask = 2147483647;
			files = (
				1D60589B0D05DD56006BFB54 /* main.m in Sources */,
				1D3623260D0F684500981E51 /* AppDelegate.m in Sources */,
				302D95F114D2391D003F00A1 /* MainViewController.m in Sources */,
				511EC6ABCB8548E980609FB9 /* RemoteControls.m in Sources */,
				F1D3F4C77C94463188BE72FA /* MainViewController+RemoteControls.m in Sources */,
				23E61BF9CD5D46E782D8D8C7 /* RareloopAppVersion.m in Sources */,
				D15675572FBD401293D20189 /* CDVNotification.m in Sources */,
				81B82D24A88D42B29D1015B8 /* CDVFile.m in Sources */,
				F6089BA733F9448FB18D3235 /* CDVLocalFilesystem.m in Sources */,
				0A3C7AB1867840FE98A0DD1D /* CDVAssetLibraryFilesystem.m in Sources */,
				248EC2DA3772407FA8482148 /* CDVSound.m in Sources */,
				018E26A49038434BAB006A2C /* MainViewController+MusicControls.m in Sources */,
				6FEAA3BE17A5473CAEA8D33A /* MusicControls.m in Sources */,
				E5E0A1BD3F6D41C1BA642EB7 /* MusicControlsInfo.m in Sources */,
				5DD44E5DBC0E42838ED7C581 /* AppDelegate+notification.m in Sources */,
				5A5B734570E04F4793284CBB /* PushPlugin.m in Sources */,
			);
			runOnlyForDeploymentPostprocessing = 0;
		};
/* End PBXSourcesBuildPhase section */

/* Begin PBXTargetDependency section */
		301BF551109A68C00062928A /* PBXTargetDependency */ = {
			isa = PBXTargetDependency;
			name = CordovaLib;
			targetProxy = 301BF550109A68C00062928A /* PBXContainerItemProxy */;
		};
/* End PBXTargetDependency section */

/* Begin XCBuildConfiguration section */
		1D6058940D05DD3E006BFB54 /* Debug */ = {
			isa = XCBuildConfiguration;
			baseConfigurationReference = 3047A50F1AB8059700498E2A /* build-debug.xcconfig */;
			buildSettings = {
				ALWAYS_SEARCH_USER_PATHS = NO;
				ASSETCATALOG_COMPILER_APPICON_NAME = AppIcon;
				ASSETCATALOG_COMPILER_LAUNCHIMAGE_NAME = LaunchImage;
				CLANG_ENABLE_MODULES = YES;
				CLANG_ENABLE_OBJC_ARC = YES;
				COPY_PHASE_STRIP = NO;
				GCC_DYNAMIC_NO_PIC = NO;
				GCC_OPTIMIZATION_LEVEL = 0;
				GCC_PRECOMPILE_PREFIX_HEADER = YES;
				GCC_PREFIX_HEADER = "Lift/Lift-Prefix.pch";
				GCC_THUMB_SUPPORT = NO;
				GCC_VERSION = "";
				INFOPLIST_FILE = "Lift/Lift-Info.plist";
				LD_RUNPATH_SEARCH_PATHS = "@executable_path/Frameworks";
				PRODUCT_NAME = "Lift";
				TARGETED_DEVICE_FAMILY = "1,2";
				LIBRARY_SEARCH_PATHS = (
					"$(inherited)",
					"\"$(SRCROOT)/Lift/Plugins/phonegap-plugin-push/GCM/Libraries\"",
					"\"$(SRCROOT)/Lift/Plugins/phonegap-plugin-push/GCM/Libraries\"",
					"\"$(SRCROOT)/Lift/Plugins/phonegap-plugin-push/GCM/Libraries\"",
					"\"$(SRCROOT)/Lift/Plugins/phonegap-plugin-push/GCM/Libraries\"",
					"\"$(SRCROOT)/Lift/Plugins/phonegap-plugin-push/GCM/Libraries\"",
					"\"$(SRCROOT)/Lift/Plugins/phonegap-plugin-push/GCM/Libraries\"",
					"\"$(SRCROOT)/Lift/Plugins/phonegap-plugin-push/GCM/Libraries\"",
					"\"$(SRCROOT)/Lift/Plugins/phonegap-plugin-push/GCM/Libraries\"",
					"\"$(SRCROOT)/Lift/Plugins/phonegap-plugin-push/GCM/Libraries\"",
					"\"$(SRCROOT)/Lift/Plugins/phonegap-plugin-push/GCM/Libraries\"",
					"\"$(SRCROOT)/Lift/Plugins/phonegap-plugin-push/GCM/Libraries\"",
					"\"$(SRCROOT)/Lift/Plugins/phonegap-plugin-push/GCM/Libraries\"",
					"\"$(SRCROOT)/Lift/Plugins/phonegap-plugin-push/GCM/Libraries\"",
					"\"$(SRCROOT)/Lift/Plugins/phonegap-plugin-push/GCM/Libraries\"",
					"\"$(SRCROOT)/Lift/Plugins/phonegap-plugin-push/GCM/Libraries\"",
					"\"$(SRCROOT)/Lift/Plugins/phonegap-plugin-push/GCM/Libraries\"",
					"\"$(SRCROOT)/Lift/Plugins/phonegap-plugin-push/GCM/Libraries\"",
					"\"$(SRCROOT)/Lift/Plugins/phonegap-plugin-push/GCM/Libraries\"",
					"\"$(SRCROOT)/Lift/Plugins/phonegap-plugin-push/GCM/Libraries\"",
					"\"$(SRCROOT)/Lift/Plugins/phonegap-plugin-push/GCM/Libraries\"",
					"\"$(SRCROOT)/Lift/Plugins/phonegap-plugin-push/GCM/Libraries\"",
					"\"$(SRCROOT)/Lift/Plugins/phonegap-plugin-push/GCM/Libraries\"",
					"\"$(SRCROOT)/Lift/Plugins/phonegap-plugin-push/GCM/Libraries\"",
					"\"$(SRCROOT)/Lift/Plugins/phonegap-plugin-push/GCM/Libraries\"",
					"\"$(SRCROOT)/Lift/Plugins/phonegap-plugin-push/GCM/Libraries\"",
					"\"$(SRCROOT)/Lift/Plugins/phonegap-plugin-push/GCM/Libraries\"",
				);
			};
			name = Debug;
		};
		1D6058950D05DD3E006BFB54 /* Release */ = {
			isa = XCBuildConfiguration;
			baseConfigurationReference = 3047A5101AB8059700498E2A /* build-release.xcconfig */;
			buildSettings = {
				ALWAYS_SEARCH_USER_PATHS = NO;
				ASSETCATALOG_COMPILER_APPICON_NAME = AppIcon;
				ASSETCATALOG_COMPILER_LAUNCHIMAGE_NAME = LaunchImage;
				CLANG_ENABLE_MODULES = YES;
				CLANG_ENABLE_OBJC_ARC = YES;
				COPY_PHASE_STRIP = YES;
				GCC_PRECOMPILE_PREFIX_HEADER = YES;
				GCC_PREFIX_HEADER = "Lift/Lift-Prefix.pch";
				GCC_THUMB_SUPPORT = NO;
				GCC_VERSION = "";
				INFOPLIST_FILE = "Lift/Lift-Info.plist";
				PRODUCT_NAME = "Lift";
				TARGETED_DEVICE_FAMILY = "1,2";
				LIBRARY_SEARCH_PATHS = (
					"$(inherited)",
					"\"$(SRCROOT)/Lift/Plugins/phonegap-plugin-push/GCM/Libraries\"",
					"\"$(SRCROOT)/Lift/Plugins/phonegap-plugin-push/GCM/Libraries\"",
					"\"$(SRCROOT)/Lift/Plugins/phonegap-plugin-push/GCM/Libraries\"",
					"\"$(SRCROOT)/Lift/Plugins/phonegap-plugin-push/GCM/Libraries\"",
					"\"$(SRCROOT)/Lift/Plugins/phonegap-plugin-push/GCM/Libraries\"",
					"\"$(SRCROOT)/Lift/Plugins/phonegap-plugin-push/GCM/Libraries\"",
					"\"$(SRCROOT)/Lift/Plugins/phonegap-plugin-push/GCM/Libraries\"",
					"\"$(SRCROOT)/Lift/Plugins/phonegap-plugin-push/GCM/Libraries\"",
					"\"$(SRCROOT)/Lift/Plugins/phonegap-plugin-push/GCM/Libraries\"",
					"\"$(SRCROOT)/Lift/Plugins/phonegap-plugin-push/GCM/Libraries\"",
					"\"$(SRCROOT)/Lift/Plugins/phonegap-plugin-push/GCM/Libraries\"",
					"\"$(SRCROOT)/Lift/Plugins/phonegap-plugin-push/GCM/Libraries\"",
					"\"$(SRCROOT)/Lift/Plugins/phonegap-plugin-push/GCM/Libraries\"",
					"\"$(SRCROOT)/Lift/Plugins/phonegap-plugin-push/GCM/Libraries\"",
					"\"$(SRCROOT)/Lift/Plugins/phonegap-plugin-push/GCM/Libraries\"",
					"\"$(SRCROOT)/Lift/Plugins/phonegap-plugin-push/GCM/Libraries\"",
					"\"$(SRCROOT)/Lift/Plugins/phonegap-plugin-push/GCM/Libraries\"",
					"\"$(SRCROOT)/Lift/Plugins/phonegap-plugin-push/GCM/Libraries\"",
					"\"$(SRCROOT)/Lift/Plugins/phonegap-plugin-push/GCM/Libraries\"",
					"\"$(SRCROOT)/Lift/Plugins/phonegap-plugin-push/GCM/Libraries\"",
					"\"$(SRCROOT)/Lift/Plugins/phonegap-plugin-push/GCM/Libraries\"",
					"\"$(SRCROOT)/Lift/Plugins/phonegap-plugin-push/GCM/Libraries\"",
					"\"$(SRCROOT)/Lift/Plugins/phonegap-plugin-push/GCM/Libraries\"",
					"\"$(SRCROOT)/Lift/Plugins/phonegap-plugin-push/GCM/Libraries\"",
					"\"$(SRCROOT)/Lift/Plugins/phonegap-plugin-push/GCM/Libraries\"",
					"\"$(SRCROOT)/Lift/Plugins/phonegap-plugin-push/GCM/Libraries\"",
				);
			};
			name = Release;
		};
		C01FCF4F08A954540054247B /* Debug */ = {
			isa = XCBuildConfiguration;
			baseConfigurationReference = 3047A5111AB8059700498E2A /* build.xcconfig */;
			buildSettings = {
				CLANG_ENABLE_MODULES = YES;
				CLANG_ENABLE_OBJC_ARC = YES;
				CLANG_WARN_BOOL_CONVERSION = YES;
				CLANG_WARN_CONSTANT_CONVERSION = YES;
				CLANG_WARN_EMPTY_BODY = YES;
				CLANG_WARN_ENUM_CONVERSION = YES;
				CLANG_WARN_INT_CONVERSION = YES;
				CLANG_WARN__DUPLICATE_METHOD_MATCH = YES;
				GCC_C_LANGUAGE_STANDARD = c99;
				GCC_THUMB_SUPPORT = NO;
				GCC_VERSION = "";
				GCC_WARN_ABOUT_RETURN_TYPE = YES;
				GCC_WARN_UNDECLARED_SELECTOR = YES;
				GCC_WARN_UNINITIALIZED_AUTOS = YES;
				GCC_WARN_UNUSED_FUNCTION = YES;
				GCC_WARN_UNUSED_VARIABLE = YES;
				ONLY_ACTIVE_ARCH = YES;
				SDKROOT = iphoneos;
				SKIP_INSTALL = NO;
				TARGETED_DEVICE_FAMILY = "1,2";
			};
			name = Debug;
		};
		C01FCF5008A954540054247B /* Release */ = {
			isa = XCBuildConfiguration;
			baseConfigurationReference = 3047A5111AB8059700498E2A /* build.xcconfig */;
			buildSettings = {
				CLANG_ENABLE_MODULES = YES;
				CLANG_ENABLE_OBJC_ARC = YES;
				CLANG_WARN_BOOL_CONVERSION = YES;
				CLANG_WARN_CONSTANT_CONVERSION = YES;
				CLANG_WARN_EMPTY_BODY = YES;
				CLANG_WARN_ENUM_CONVERSION = YES;
				CLANG_WARN_INT_CONVERSION = YES;
				CLANG_WARN__DUPLICATE_METHOD_MATCH = YES;
				GCC_C_LANGUAGE_STANDARD = c99;
				GCC_THUMB_SUPPORT = NO;
				GCC_VERSION = "";
				GCC_WARN_ABOUT_RETURN_TYPE = YES;
				GCC_WARN_UNDECLARED_SELECTOR = YES;
				GCC_WARN_UNINITIALIZED_AUTOS = YES;
				GCC_WARN_UNUSED_FUNCTION = YES;
				GCC_WARN_UNUSED_VARIABLE = YES;
				SDKROOT = iphoneos;
				SKIP_INSTALL = NO;
				TARGETED_DEVICE_FAMILY = "1,2";
			};
			name = Release;
		};
/* End XCBuildConfiguration section */

/* Begin XCConfigurationList section */
		1D6058960D05DD3E006BFB54 /* Build configuration list for PBXNativeTarget "Lift" */ = {
			isa = XCConfigurationList;
			buildConfigurations = (
				1D6058940D05DD3E006BFB54 /* Debug */,
				1D6058950D05DD3E006BFB54 /* Release */,
			);
			defaultConfigurationIsVisible = 0;
			defaultConfigurationName = Release;
		};
		C01FCF4E08A954540054247B /* Build configuration list for PBXProject "__NON-CLI__" */ = {
			isa = XCConfigurationList;
			buildConfigurations = (
				C01FCF4F08A954540054247B /* Debug */,
				C01FCF5008A954540054247B /* Release */,
			);
			defaultConfigurationIsVisible = 0;
			defaultConfigurationName = Release;
		};
/* End XCConfigurationList section */
	};
	rootObject = 29B97313FDCFA39411CA2CEA /* Project object */;
}
